
Microsoft Visual Studio Solution File, Format Version 12.00
# Visual Studio Version 17
VisualStudioVersion = 17.2.32602.215
MinimumVisualStudioVersion = 10.0.40219.1
Project("{FAE04EC0-301F-11D3-BF4B-00C04F79EFBC}") = "CursoCSharp", "CursoCSharp.csproj", "{5014E6D0-321D-434F-A9C7-5F9D497F73D0}"
EndProject
Global
	GlobalSection(SolutionConfigurationPlatforms) = preSolution
		Debug|Any CPU = Debug|Any CPU
		Release|Any CPU = Release|Any CPU
	EndGlobalSection
	GlobalSection(ProjectConfigurationPlatforms) = postSolution
		{5014E6D0-321D-434F-A9C7-5F9D497F73D0}.Debug|Any CPU.ActiveCfg = Debug|Any CPU
		{5014E6D0-321D-434F-A9C7-5F9D497F73D0}.Debug|Any CPU.Build.0 = Debug|Any CPU
		{5014E6D0-321D-434F-A9C7-5F9D497F73D0}.Release|Any CPU.ActiveCfg = Release|Any CPU
		{5014E6D0-321D-434F-A9C7-5F9D497F73D0}.Release|Any CPU.Build.0 = Release|Any CPU
	EndGlobalSection
	GlobalSection(SolutionProperties) = preSolution
		HideSolutionNode = FALSE
	EndGlobalSection
	GlobalSection(ExtensibilityGlobals) = postSolution
		SolutionGuid = {D6D467C7-8AA8-44D3-B6FB-88EA1CB7159B}
	EndGlobalSection
EndGlobal
